
Microsoft Visual Studio Solution File, Format Version 12.00
# Visual Studio Version 16
VisualStudioVersion = 16.0.28917.182
MinimumVisualStudioVersion = 10.0.40219.1
Project("{FAE04EC0-301F-11D3-BF4B-00C04F79EFBC}") = "LMS_WindowsForms", "LMS_WindowsForms.csproj", "{85D41192-064B-41A6-A63B-FB749186BD01}"
EndProject
Global
	GlobalSection(SolutionConfigurationPlatforms) = preSolution
		Debug|Any CPU = Debug|Any CPU
		Release|Any CPU = Release|Any CPU
	EndGlobalSection
	GlobalSection(ProjectConfigurationPlatforms) = postSolution
		{85D41192-064B-41A6-A63B-FB749186BD01}.Debug|Any CPU.ActiveCfg = Debug|Any CPU
		{85D41192-064B-41A6-A63B-FB749186BD01}.Debug|Any CPU.Build.0 = Debug|Any CPU
		{85D41192-064B-41A6-A63B-FB749186BD01}.Release|Any CPU.ActiveCfg = Release|Any CPU
		{85D41192-064B-41A6-A63B-FB749186BD01}.Release|Any CPU.Build.0 = Release|Any CPU
	EndGlobalSection
	GlobalSection(SolutionProperties) = preSolution
		HideSolutionNode = FALSE
	EndGlobalSection
	GlobalSection(ExtensibilityGlobals) = postSolution
		SolutionGuid = {456EFACD-80C9-48A1-87AA-97A14EC6B886}
	EndGlobalSection
EndGlobal
